
Microsoft Visual Studio Solution File, Format Version 12.00
# Visual Studio Version 17
VisualStudioVersion = 17.7.34024.191
MinimumVisualStudioVersion = 10.0.40219.1
Project("{FAE04EC0-301F-11D3-BF4B-00C04F79EFBC}") = "Backend Project", "Backend Project\Backend Project.csproj", "{84612BC9-DC9A-4201-BFFD-472C85CB5C0A}"
EndProject
Project("{FAE04EC0-301F-11D3-BF4B-00C04F79EFBC}") = "Testing Console", "Testing Console\Testing Console.csproj", "{1DEBCAD4-0543-4B7F-A63F-5F41B87CA791}"
EndProject
Global
	GlobalSection(SolutionConfigurationPlatforms) = preSolution
		Debug|Any CPU = Debug|Any CPU
		Release|Any CPU = Release|Any CPU
	EndGlobalSection
	GlobalSection(ProjectConfigurationPlatforms) = postSolution
		{84612BC9-DC9A-4201-BFFD-472C85CB5C0A}.Debug|Any CPU.ActiveCfg = Debug|Any CPU
		{84612BC9-DC9A-4201-BFFD-472C85CB5C0A}.Debug|Any CPU.Build.0 = Debug|Any CPU
		{84612BC9-DC9A-4201-BFFD-472C85CB5C0A}.Release|Any CPU.ActiveCfg = Release|Any CPU
		{84612BC9-DC9A-4201-BFFD-472C85CB5C0A}.Release|Any CPU.Build.0 = Release|Any CPU
		{1DEBCAD4-0543-4B7F-A63F-5F41B87CA791}.Debug|Any CPU.ActiveCfg = Debug|Any CPU
		{1DEBCAD4-0543-4B7F-A63F-5F41B87CA791}.Debug|Any CPU.Build.0 = Debug|Any CPU
		{1DEBCAD4-0543-4B7F-A63F-5F41B87CA791}.Release|Any CPU.ActiveCfg = Release|Any CPU
		{1DEBCAD4-0543-4B7F-A63F-5F41B87CA791}.Release|Any CPU.Build.0 = Release|Any CPU
	EndGlobalSection
	GlobalSection(SolutionProperties) = preSolution
		HideSolutionNode = FALSE
	EndGlobalSection
	GlobalSection(ExtensibilityGlobals) = postSolution
		SolutionGuid = {887F75D6-0239-406E-9585-0BE694F1F68C}
	EndGlobalSection
EndGlobal
