
Microsoft Visual Studio Solution File, Format Version 12.00
Project("{FAE04EC0-301F-11D3-BF4B-00C04F79EFBC}") = "Parser", "Parser\Parser.csproj", "{033516F7-AF3C-489A-AA78-1C4518169791}"
EndProject
Global
	GlobalSection(SolutionConfigurationPlatforms) = preSolution
		Debug|Any CPU = Debug|Any CPU
		Release|Any CPU = Release|Any CPU
	EndGlobalSection
	GlobalSection(ProjectConfigurationPlatforms) = postSolution
		{033516F7-AF3C-489A-AA78-1C4518169791}.Debug|Any CPU.ActiveCfg = Debug|Any CPU
		{033516F7-AF3C-489A-AA78-1C4518169791}.Debug|Any CPU.Build.0 = Debug|Any CPU
		{033516F7-AF3C-489A-AA78-1C4518169791}.Release|Any CPU.ActiveCfg = Release|Any CPU
		{033516F7-AF3C-489A-AA78-1C4518169791}.Release|Any CPU.Build.0 = Release|Any CPU
	EndGlobalSection
EndGlobal
